// !$*UTF8*$!
{
	archiveVersion = 1;
	classes = {
	};
	objectVersion = 46;
	objects = {

/* Begin PBXBuildFile section */
		893E26B01F03E9CD00697EDF /* AAPLCameraViewController.m in Sources */ = {isa = PBXBuildFile; fileRef = 893E26AF1F03E9CD00697EDF /* AAPLCameraViewController.m */; };
		893E26B31F03E9DF00697EDF /* AAPLPreviewView.m in Sources */ = {isa = PBXBuildFile; fileRef = 893E26B21F03E9DF00697EDF /* AAPLPreviewView.m */; };
		897565F61F02CB8B00BCE3A7 /* AppDelegate.swift in Sources */ = {isa = PBXBuildFile; fileRef = 897565F51F02CB8B00BCE3A7 /* AppDelegate.swift */; };
		897565F81F02CB8B00BCE3A7 /* CameraVC.swift in Sources */ = {isa = PBXBuildFile; fileRef = 897565F71F02CB8B00BCE3A7 /* CameraVC.swift */; };
		897565FB1F02CB8B00BCE3A7 /* Main.storyboard in Resources */ = {isa = PBXBuildFile; fileRef = 897565F91F02CB8B00BCE3A7 /* Main.storyboard */; };
		897565FD1F02CB8B00BCE3A7 /* Assets.xcassets in Resources */ = {isa = PBXBuildFile; fileRef = 897565FC1F02CB8B00BCE3A7 /* Assets.xcassets */; };
		897566001F02CB8B00BCE3A7 /* LaunchScreen.storyboard in Resources */ = {isa = PBXBuildFile; fileRef = 897565FE1F02CB8B00BCE3A7 /* LaunchScreen.storyboard */; };
/* End PBXBuildFile section */

/* Begin PBXFileReference section */
		893E26AD1F03E9CC00697EDF /* DevChat-Bridging-Header.h */ = {isa = PBXFileReference; lastKnownFileType = sourcecode.c.h; path = "DevChat-Bridging-Header.h"; sourceTree = "<group>"; };
		893E26AE1F03E9CD00697EDF /* AAPLCameraViewController.h */ = {isa = PBXFileReference; fileEncoding = 4; lastKnownFileType = sourcecode.c.h; path = AAPLCameraViewController.h; sourceTree = "<group>"; };
		893E26AF1F03E9CD00697EDF /* AAPLCameraViewController.m */ = {isa = PBXFileReference; fileEncoding = 4; lastKnownFileType = sourcecode.c.objc; path = AAPLCameraViewController.m; sourceTree = "<group>"; };
		893E26B11F03E9DF00697EDF /* AAPLPreviewView.h */ = {isa = PBXFileReference; fileEncoding = 4; lastKnownFileType = sourcecode.c.h; path = AAPLPreviewView.h; sourceTree = "<group>"; };
		893E26B21F03E9DF00697EDF /* AAPLPreviewView.m */ = {isa = PBXFileReference; fileEncoding = 4; lastKnownFileType = sourcecode.c.objc; path = AAPLPreviewView.m; sourceTree = "<group>"; };
		893E26B71F03EAF300697EDF /* AAPLCameraVCDelegate.h */ = {isa = PBXFileReference; fileEncoding = 4; lastKnownFileType = sourcecode.c.h; path = AAPLCameraVCDelegate.h; sourceTree = "<group>"; };
		897565F21F02CB8B00BCE3A7 /* DevChat.app */ = {isa = PBXFileReference; explicitFileType = wrapper.application; includeInIndex = 0; path = DevChat.app; sourceTree = BUILT_PRODUCTS_DIR; };
		897565F51F02CB8B00BCE3A7 /* AppDelegate.swift */ = {isa = PBXFileReference; lastKnownFileType = sourcecode.swift; path = AppDelegate.swift; sourceTree = "<group>"; };
		897565F71F02CB8B00BCE3A7 /* CameraVC.swift */ = {isa = PBXFileReference; lastKnownFileType = sourcecode.swift; path = CameraVC.swift; sourceTree = "<group>"; };
		897565FA1F02CB8B00BCE3A7 /* Base */ = {isa = PBXFileReference; lastKnownFileType = file.storyboard; name = Base; path = Base.lproj/Main.storyboard; sourceTree = "<group>"; };
		897565FC1F02CB8B00BCE3A7 /* Assets.xcassets */ = {isa = PBXFileReference; lastKnownFileType = folder.assetcatalog; path = Assets.xcassets; sourceTree = "<group>"; };
		897565FF1F02CB8B00BCE3A7 /* Base */ = {isa = PBXFileReference; lastKnownFileType = file.storyboard; name = Base; path = Base.lproj/LaunchScreen.storyboard; sourceTree = "<group>"; };
		897566011F02CB8B00BCE3A7 /* Info.plist */ = {isa = PBXFileReference; lastKnownFileType = text.plist.xml; path = Info.plist; sourceTree = "<group>"; };
/* End PBXFileReference section */

/* Begin PBXFrameworksBuildPhase section */
		897565EF1F02CB8B00BCE3A7 /* Frameworks */ = {
			isa = PBXFrameworksBuildPhase;
			buildActionMask = 2147483647;
			files = (
			);
			runOnlyForDeploymentPostprocessing = 0;
		};
/* End PBXFrameworksBuildPhase section */

/* Begin PBXGroup section */
		893E26B41F03EA0000697EDF /* View */ = {
			isa = PBXGroup;
			children = (
				893E26AE1F03E9CD00697EDF /* AAPLCameraViewController.h */,
				893E26AF1F03E9CD00697EDF /* AAPLCameraViewController.m */,
				897565F71F02CB8B00BCE3A7 /* CameraVC.swift */,
			);
			name = View;
			sourceTree = "<group>";
		};
		893E26B51F03EA0A00697EDF /* Controller */ = {
			isa = PBXGroup;
			children = (
				893E26B21F03E9DF00697EDF /* AAPLPreviewView.m */,
				893E26B11F03E9DF00697EDF /* AAPLPreviewView.h */,
			);
			name = Controller;
			sourceTree = "<group>";
		};
		893E26B81F040EA800697EDF /* Protocols */ = {
			isa = PBXGroup;
			children = (
				893E26B71F03EAF300697EDF /* AAPLCameraVCDelegate.h */,
			);
			name = Protocols;
			sourceTree = "<group>";
		};
		897565E91F02CB8B00BCE3A7 = {
			isa = PBXGroup;
			children = (
				897565F41F02CB8B00BCE3A7 /* DevChat */,
				897565F31F02CB8B00BCE3A7 /* Products */,
			);
			sourceTree = "<group>";
		};
		897565F31F02CB8B00BCE3A7 /* Products */ = {
			isa = PBXGroup;
			children = (
				897565F21F02CB8B00BCE3A7 /* DevChat.app */,
			);
			name = Products;
			sourceTree = "<group>";
		};
		897565F41F02CB8B00BCE3A7 /* DevChat */ = {
			isa = PBXGroup;
			children = (
				893E26B81F040EA800697EDF /* Protocols */,
				893E26B41F03EA0000697EDF /* View */,
				893E26B51F03EA0A00697EDF /* Controller */,
				897565F51F02CB8B00BCE3A7 /* AppDelegate.swift */,
				897565F91F02CB8B00BCE3A7 /* Main.storyboard */,
				897565FC1F02CB8B00BCE3A7 /* Assets.xcassets */,
				897565FE1F02CB8B00BCE3A7 /* LaunchScreen.storyboard */,
				897566011F02CB8B00BCE3A7 /* Info.plist */,
				893E26AD1F03E9CC00697EDF /* DevChat-Bridging-Header.h */,
			);
			path = DevChat;
			sourceTree = "<group>";
		};
/* End PBXGroup section */

/* Begin PBXNativeTarget section */
		897565F11F02CB8B00BCE3A7 /* DevChat */ = {
			isa = PBXNativeTarget;
			buildConfigurationList = 897566041F02CB8B00BCE3A7 /* Build configuration list for PBXNativeTarget "DevChat" */;
			buildPhases = (
				897565EE1F02CB8B00BCE3A7 /* Sources */,
				897565EF1F02CB8B00BCE3A7 /* Frameworks */,
				897565F01F02CB8B00BCE3A7 /* Resources */,
			);
			buildRules = (
			);
			dependencies = (
			);
			name = DevChat;
			productName = DevChat;
			productReference = 897565F21F02CB8B00BCE3A7 /* DevChat.app */;
			productType = "com.apple.product-type.application";
		};
/* End PBXNativeTarget section */

/* Begin PBXProject section */
		897565EA1F02CB8B00BCE3A7 /* Project object */ = {
			isa = PBXProject;
			attributes = {
				LastSwiftUpdateCheck = 0830;
				LastUpgradeCheck = 0830;
				ORGANIZATIONNAME = "Jeff Ripke";
				TargetAttributes = {
					897565F11F02CB8B00BCE3A7 = {
						CreatedOnToolsVersion = 8.3.3;
						DevelopmentTeam = 997RL2KYD9;
						LastSwiftMigration = 0830;
						ProvisioningStyle = Automatic;
					};
				};
			};
			buildConfigurationList = 897565ED1F02CB8B00BCE3A7 /* Build configuration list for PBXProject "DevChat" */;
			compatibilityVersion = "Xcode 3.2";
			developmentRegion = English;
			hasScannedForEncodings = 0;
			knownRegions = (
				en,
				Base,
			);
			mainGroup = 897565E91F02CB8B00BCE3A7;
			productRefGroup = 897565F31F02CB8B00BCE3A7 /* Products */;
			projectDirPath = "";
			projectRoot = "";
			targets = (
				897565F11F02CB8B00BCE3A7 /* DevChat */,
			);
		};
/* End PBXProject section */

/* Begin PBXResourcesBuildPhase section */
		897565F01F02CB8B00BCE3A7 /* Resources */ = {
			isa = PBXResourcesBuildPhase;
			buildActionMask = 2147483647;
			files = (
				897566001F02CB8B00BCE3A7 /* LaunchScreen.storyboard in Resources */,
				897565FD1F02CB8B00BCE3A7 /* Assets.xcassets in Resources */,
				897565FB1F02CB8B00BCE3A7 /* Main.storyboard in Resources */,
			);
			runOnlyForDeploymentPostprocessing = 0;
		};
/* End PBXResourcesBuildPhase section */

/* Begin PBXSourcesBuildPhase section */
		897565EE1F02CB8B00BCE3A7 /* Sources */ = {
			isa = PBXSourcesBuildPhase;
			buildActionMask = 2147483647;
			files = (
				897565F81F02CB8B00BCE3A7 /* CameraVC.swift in Sources */,
				897565F61F02CB8B00BCE3A7 /* AppDelegate.swift in Sources */,
				893E26B01F03E9CD00697EDF /* AAPLCameraViewController.m in Sources */,
				893E26B31F03E9DF00697EDF /* AAPLPreviewView.m in Sources */,
			);
			runOnlyForDeploymentPostprocessing = 0;
		};
/* End PBXSourcesBuildPhase section */

/* Begin PBXVariantGroup section */
		897565F91F02CB8B00BCE3A7 /* Main.storyboard */ = {
			isa = PBXVariantGroup;
			children = (
				897565FA1F02CB8B00BCE3A7 /* Base */,
			);
			name = Main.storyboard;
			sourceTree = "<group>";
		};
		897565FE1F02CB8B00BCE3A7 /* LaunchScreen.storyboard */ = {
			isa = PBXVariantGroup;
			children = (
				897565FF1F02CB8B00BCE3A7 /* Base */,
			);
			name = LaunchScreen.storyboard;
			sourceTree = "<group>";
		};
/* End PBXVariantGroup section */

/* Begin XCBuildConfiguration section */
		897566021F02CB8B00BCE3A7 /* Debug */ = {
			isa = XCBuildConfiguration;
			buildSettings = {
				ALWAYS_SEARCH_USER_PATHS = NO;
				CLANG_ANALYZER_NONNULL = YES;
				CLANG_ANALYZER_NUMBER_OBJECT_CONVERSION = YES_AGGRESSIVE;
				CLANG_CXX_LANGUAGE_STANDARD = "gnu++0x";
				CLANG_CXX_LIBRARY = "libc++";
				CLANG_ENABLE_MODULES = YES;
				CLANG_ENABLE_OBJC_ARC = YES;
				CLANG_WARN_BOOL_CONVERSION = YES;
				CLANG_WARN_CONSTANT_CONVERSION = YES;
				CLANG_WARN_DIRECT_OBJC_ISA_USAGE = YES_ERROR;
				CLANG_WARN_DOCUMENTATION_COMMENTS = YES;
				CLANG_WARN_EMPTY_BODY = YES;
				CLANG_WARN_ENUM_CONVERSION = YES;
				CLANG_WARN_INFINITE_RECURSION = YES;
				CLANG_WARN_INT_CONVERSION = YES;
				CLANG_WARN_OBJC_ROOT_CLASS = YES_ERROR;
				CLANG_WARN_SUSPICIOUS_MOVE = YES;
				CLANG_WARN_UNREACHABLE_CODE = YES;
				CLANG_WARN__DUPLICATE_METHOD_MATCH = YES;
				"CODE_SIGN_IDENTITY[sdk=iphoneos*]" = "iPhone Developer";
				COPY_PHASE_STRIP = NO;
				DEBUG_INFORMATION_FORMAT = dwarf;
				ENABLE_STRICT_OBJC_MSGSEND = YES;
				ENABLE_TESTABILITY = YES;
				GCC_C_LANGUAGE_STANDARD = gnu99;
				GCC_DYNAMIC_NO_PIC = NO;
				GCC_NO_COMMON_BLOCKS = YES;
				GCC_OPTIMIZATION_LEVEL = 0;
				GCC_PREPROCESSOR_DEFINITIONS = (
					"DEBUG=1",
					"$(inherited)",
				);
				GCC_WARN_64_TO_32_BIT_CONVERSION = YES;
				GCC_WARN_ABOUT_RETURN_TYPE = YES_ERROR;
				GCC_WARN_UNDECLARED_SELECTOR = YES;
				GCC_WARN_UNINITIALIZED_AUTOS = YES_AGGRESSIVE;
				GCC_WARN_UNUSED_FUNCTION = YES;
				GCC_WARN_UNUSED_VARIABLE = YES;
				IPHONEOS_DEPLOYMENT_TARGET = 10.3;
				MTL_ENABLE_DEBUG_INFO = YES;
				ONLY_ACTIVE_ARCH = YES;
				SDKROOT = iphoneos;
				SWIFT_ACTIVE_COMPILATION_CONDITIONS = DEBUG;
				SWIFT_OPTIMIZATION_LEVEL = "-Onone";
				TARGETED_DEVICE_FAMILY = "1,2";
			};
			name = Debug;
		};
		897566031F02CB8B00BCE3A7 /* Release */ = {
			isa = XCBuildConfiguration;
			buildSettings = {
				ALWAYS_SEARCH_USER_PATHS = NO;
				CLANG_ANALYZER_NONNULL = YES;
				CLANG_ANALYZER_NUMBER_OBJECT_CONVERSION = YES_AGGRESSIVE;
				CLANG_CXX_LANGUAGE_STANDARD = "gnu++0x";
				CLANG_CXX_LIBRARY = "libc++";
				CLANG_ENABLE_MODULES = YES;
				CLANG_ENABLE_OBJC_ARC = YES;
				CLANG_WARN_BOOL_CONVERSION = YES;
				CLANG_WARN_CONSTANT_CONVERSION = YES;
				CLANG_WARN_DIRECT_OBJC_ISA_USAGE = YES_ERROR;
				CLANG_WARN_DOCUMENTATION_COMMENTS = YES;
				CLANG_WARN_EMPTY_BODY = YES;
				CLANG_WARN_ENUM_CONVERSION = YES;
				CLANG_WARN_INFINITE_RECURSION = YES;
				CLANG_WARN_INT_CONVERSION = YES;
				CLANG_WARN_OBJC_ROOT_CLASS = YES_ERROR;
				CLANG_WARN_SUSPICIOUS_MOVE = YES;
				CLANG_WARN_UNREACHABLE_CODE = YES;
				CLANG_WARN__DUPLICATE_METHOD_MATCH = YES;
				"CODE_SIGN_IDENTITY[sdk=iphoneos*]" = "iPhone Developer";
				COPY_PHASE_STRIP = NO;
				DEBUG_INFORMATION_FORMAT = "dwarf-with-dsym";
				ENABLE_NS_ASSERTIONS = NO;
				ENABLE_STRICT_OBJC_MSGSEND = YES;
				GCC_C_LANGUAGE_STANDARD = gnu99;
				GCC_NO_COMMON_BLOCKS = YES;
				GCC_WARN_64_TO_32_BIT_CONVERSION = YES;
				GCC_WARN_ABOUT_RETURN_TYPE = YES_ERROR;
				GCC_WARN_UNDECLARED_SELECTOR = YES;
				GCC_WARN_UNINITIALIZED_AUTOS = YES_AGGRESSIVE;
				GCC_WARN_UNUSED_FUNCTION = YES;
				GCC_WARN_UNUSED_VARIABLE = YES;
				IPHONEOS_DEPLOYMENT_TARGET = 10.3;
				MTL_ENABLE_DEBUG_INFO = NO;
				SDKROOT = iphoneos;
				SWIFT_OPTIMIZATION_LEVEL = "-Owholemodule";
				TARGETED_DEVICE_FAMILY = "1,2";
				VALIDATE_PRODUCT = YES;
			};
			name = Release;
		};
		897566051F02CB8B00BCE3A7 /* Debug */ = {
			isa = XCBuildConfiguration;
			buildSettings = {
				ASSETCATALOG_COMPILER_APPICON_NAME = AppIcon;
				CLANG_ENABLE_MODULES = YES;
				DEVELOPMENT_TEAM = 997RL2KYD9;
				INFOPLIST_FILE = DevChat/Info.plist;
				LD_RUNPATH_SEARCH_PATHS = "$(inherited) @executable_path/Frameworks";
				PRODUCT_BUNDLE_IDENTIFIER = com.jeffripke.DevChat;
				PRODUCT_NAME = "$(TARGET_NAME)";
				SWIFT_OBJC_BRIDGING_HEADER = "DevChat/DevChat-Bridging-Header.h";
				SWIFT_OPTIMIZATION_LEVEL = "-Onone";
				SWIFT_VERSION = 3.0;
			};
			name = Debug;
		};
		897566061F02CB8B00BCE3A7 /* Release */ = {
			isa = XCBuildConfiguration;
			buildSettings = {
				ASSETCATALOG_COMPILER_APPICON_NAME = AppIcon;
				CLANG_ENABLE_MODULES = YES;
				DEVELOPMENT_TEAM = 997RL2KYD9;
				INFOPLIST_FILE = DevChat/Info.plist;
				LD_RUNPATH_SEARCH_PATHS = "$(inherited) @executable_path/Frameworks";
				PRODUCT_BUNDLE_IDENTIFIER = com.jeffripke.DevChat;
				PRODUCT_NAME = "$(TARGET_NAME)";
				SWIFT_OBJC_BRIDGING_HEADER = "DevChat/DevChat-Bridging-Header.h";
				SWIFT_VERSION = 3.0;
			};
			name = Release;
		};
/* End XCBuildConfiguration section */

/* Begin XCConfigurationList section */
		897565ED1F02CB8B00BCE3A7 /* Build configuration list for PBXProject "DevChat" */ = {
			isa = XCConfigurationList;
			buildConfigurations = (
				897566021F02CB8B00BCE3A7 /* Debug */,
				897566031F02CB8B00BCE3A7 /* Release */,
			);
			defaultConfigurationIsVisible = 0;
			defaultConfigurationName = Release;
		};
		897566041F02CB8B00BCE3A7 /* Build configuration list for PBXNativeTarget "DevChat" */ = {
			isa = XCConfigurationList;
			buildConfigurations = (
				897566051F02CB8B00BCE3A7 /* Debug */,
				897566061F02CB8B00BCE3A7 /* Release */,
			);
			defaultConfigurationIsVisible = 0;
			defaultConfigurationName = Release;
		};
/* End XCConfigurationList section */
	};
	rootObject = 897565EA1F02CB8B00BCE3A7 /* Project object */;
}
